// !$*UTF8*$!
{
	archiveVersion = 1;
	classes = {
	};
	objectVersion = 56;
	objects = {

/* Begin PBXBuildFile section */
		B001 /* SonosAirBridgeApp.swift in Sources */  = {isa = PBXBuildFile; fileRef = F001; };
		B002 /* Models.swift in Sources */             = {isa = PBXBuildFile; fileRef = F002; };
		B003 /* SonosDiscovery.swift in Sources */     = {isa = PBXBuildFile; fileRef = F003; };
		B004 /* GroupStore.swift in Sources */         = {isa = PBXBuildFile; fileRef = F004; };
		B005 /* BridgeManager.swift in Sources */      = {isa = PBXBuildFile; fileRef = F005; };
		B006 /* MainTabView.swift in Sources */        = {isa = PBXBuildFile; fileRef = F006; };
		B007 /* SpeakerListView.swift in Sources */    = {isa = PBXBuildFile; fileRef = F007; };
		B008 /* GroupsView.swift in Sources */         = {isa = PBXBuildFile; fileRef = F008; };
		B009 /* LogView.swift in Sources */            = {isa = PBXBuildFile; fileRef = F009; };
/* End PBXBuildFile section */

/* Begin PBXFileReference section */
		E000 /* SonosAirBridge.app */      = {isa = PBXFileReference; explicitFileType = wrapper.application; includeInIndex = 0; path = SonosAirBridge.app; sourceTree = BUILT_PRODUCTS_DIR; };
		F001 /* SonosAirBridgeApp.swift */ = {isa = PBXFileReference; lastKnownFileType = sourcecode.swift; path = SonosAirBridgeApp.swift; sourceTree = "<group>"; };
		F002 /* Models.swift */            = {isa = PBXFileReference; lastKnownFileType = sourcecode.swift; path = Models.swift; sourceTree = "<group>"; };
		F003 /* SonosDiscovery.swift */    = {isa = PBXFileReference; lastKnownFileType = sourcecode.swift; path = SonosDiscovery.swift; sourceTree = "<group>"; };
		F004 /* GroupStore.swift */        = {isa = PBXFileReference; lastKnownFileType = sourcecode.swift; path = GroupStore.swift; sourceTree = "<group>"; };
		F005 /* BridgeManager.swift */     = {isa = PBXFileReference; lastKnownFileType = sourcecode.swift; path = BridgeManager.swift; sourceTree = "<group>"; };
		F006 /* MainTabView.swift */       = {isa = PBXFileReference; lastKnownFileType = sourcecode.swift; path = MainTabView.swift; sourceTree = "<group>"; };
		F007 /* SpeakerListView.swift */   = {isa = PBXFileReference; lastKnownFileType = sourcecode.swift; path = SpeakerListView.swift; sourceTree = "<group>"; };
		F008 /* GroupsView.swift */        = {isa = PBXFileReference; lastKnownFileType = sourcecode.swift; path = GroupsView.swift; sourceTree = "<group>"; };
		F009 /* LogView.swift */           = {isa = PBXFileReference; lastKnownFileType = sourcecode.swift; path = LogView.swift; sourceTree = "<group>"; };
		F010 /* Info.plist */              = {isa = PBXFileReference; lastKnownFileType = text.plist.xml; path = Info.plist; sourceTree = "<group>"; };
/* End PBXFileReference section */

/* Begin PBXFrameworksBuildPhase section */
		P200 /* Frameworks */ = {isa = PBXFrameworksBuildPhase; buildActionMask = 2147483647; files = (); runOnlyForDeploymentPostprocessing = 0; };
/* End PBXFrameworksBuildPhase section */

/* Begin PBXGroup section */
		G000 = {
			isa = PBXGroup;
			children = (G001, G002);
			sourceTree = "<group>";
		};
		G001 /* SonosAirBridge */ = {
			isa = PBXGroup;
			children = (F001, F002, F003, F004, F005, F006, F007, F008, F009, F010);
			path = SonosAirBridge;
			name = SonosAirBridge;
			sourceTree = "<group>";
		};
		G002 /* Products */ = {
			isa = PBXGroup;
			children = (E000);
			name = Products;
			sourceTree = "<group>";
		};
/* End PBXGroup section */

/* Begin PBXNativeTarget section */
		T000 /* SonosAirBridge */ = {
			isa = PBXNativeTarget;
			buildConfigurationList = C000;
			buildPhases = (P100, P200, P300);
			buildRules = ();
			dependencies = ();
			name = SonosAirBridge;
			productName = SonosAirBridge;
			productReference = E000;
			productType = "com.apple.product-type.application";
		};
/* End PBXNativeTarget section */

/* Begin PBXProject section */
		P000 /* Project */ = {
			isa = PBXProject;
			attributes = {
				BuildIndependentTargetsInParallel = 1;
				LastSwiftUpdateCheck = 1500;
				LastUpgradeCheck = 1500;
				TargetAttributes = { T000 = { CreatedOnToolsVersion = 15.0; }; };
			};
			buildConfigurationList = C001;
			compatibilityVersion = "Xcode 14.0";
			developmentRegion = de;
			hasScannedForEncodings = 0;
			knownRegions = (de, Base);
			mainGroup = G000;
			productRefGroup = G002;
			projectDirPath = "";
			projectRoot = "";
			targets = (T000);
		};
/* End PBXProject section */

/* Begin PBXResourcesBuildPhase section */
		P300 /* Resources */ = {isa = PBXResourcesBuildPhase; buildActionMask = 2147483647; files = (); runOnlyForDeploymentPostprocessing = 0; };
/* End PBXResourcesBuildPhase section */

/* Begin PBXSourcesBuildPhase section */
		P100 /* Sources */ = {
			isa = PBXSourcesBuildPhase;
			buildActionMask = 2147483647;
			files = (B001, B002, B003, B004, B005, B006, B007, B008, B009);
			runOnlyForDeploymentPostprocessing = 0;
		};
/* End PBXSourcesBuildPhase section */

/* Begin XCBuildConfiguration section */
		X100 /* Debug Project */   = {isa = XCBuildConfiguration; buildSettings = {ALWAYS_SEARCH_USER_PATHS=NO;CLANG_ENABLE_MODULES=YES;CLANG_ENABLE_OBJC_ARC=YES;CLANG_ENABLE_OBJC_WEAK=YES;COPY_PHASE_STRIP=NO;DEBUG_INFORMATION_FORMAT=dwarf;ENABLE_STRICT_OBJC_MSGSEND=YES;ENABLE_TESTABILITY=YES;ENABLE_USER_SCRIPT_SANDBOXING=YES;GCC_DYNAMIC_NO_PIC=NO;GCC_NO_COMMON_BLOCKS=YES;GCC_OPTIMIZATION_LEVEL=0;GCC_PREPROCESSOR_DEFINITIONS=("DEBUG=1","$(inherited)");GCC_WARN_64_TO_32_BIT_CONVERSION=YES;GCC_WARN_ABOUT_RETURN_TYPE=YES_ERROR;GCC_WARN_UNDECLARED_SELECTOR=YES;GCC_WARN_UNINITIALIZED_AUTOS=YES_AGGRESSIVE;GCC_WARN_UNUSED_FUNCTION=YES;GCC_WARN_UNUSED_VARIABLE=YES;IPHONEOS_DEPLOYMENT_TARGET=16.0;ONLY_ACTIVE_ARCH=YES;SDKROOT=iphoneos;SWIFT_ACTIVE_COMPILATION_CONDITIONS=DEBUG;SWIFT_OPTIMIZATION_LEVEL="-Onone";}; name = Debug; };
		X101 /* Release Project */ = {isa = XCBuildConfiguration; buildSettings = {ALWAYS_SEARCH_USER_PATHS=NO;CLANG_ENABLE_MODULES=YES;CLANG_ENABLE_OBJC_ARC=YES;ENABLE_NS_ASSERTIONS=NO;ENABLE_STRICT_OBJC_MSGSEND=YES;ENABLE_USER_SCRIPT_SANDBOXING=YES;GCC_NO_COMMON_BLOCKS=YES;GCC_WARN_64_TO_32_BIT_CONVERSION=YES;GCC_WARN_ABOUT_RETURN_TYPE=YES_ERROR;IPHONEOS_DEPLOYMENT_TARGET=16.0;SDKROOT=iphoneos;SWIFT_COMPILATION_MODE=wholemodule;VALIDATE_PRODUCT=YES;}; name = Release; };
		X200 /* Debug Target */    = {isa = XCBuildConfiguration; buildSettings = {ASSETCATALOG_COMPILER_APPICON_NAME=AppIcon;CODE_SIGN_STYLE=Automatic;CURRENT_PROJECT_VERSION=2;DEVELOPMENT_TEAM="";GENERATE_INFOPLIST_FILE=NO;INFOPLIST_FILE=SonosAirBridge/Info.plist;IPHONEOS_DEPLOYMENT_TARGET=16.0;MARKETING_VERSION=2.0;PRODUCT_BUNDLE_IDENTIFIER=com.sonosairbridge.app;PRODUCT_NAME="$(TARGET_NAME)";SWIFT_EMIT_LOC_STRINGS=YES;SWIFT_VERSION=5.0;TARGETED_DEVICE_FAMILY="1,2";}; name = Debug; };
		X201 /* Release Target */  = {isa = XCBuildConfiguration; buildSettings = {ASSETCATALOG_COMPILER_APPICON_NAME=AppIcon;CODE_SIGN_STYLE=Automatic;CURRENT_PROJECT_VERSION=2;DEVELOPMENT_TEAM="";GENERATE_INFOPLIST_FILE=NO;INFOPLIST_FILE=SonosAirBridge/Info.plist;IPHONEOS_DEPLOYMENT_TARGET=16.0;MARKETING_VERSION=2.0;PRODUCT_BUNDLE_IDENTIFIER=com.sonosairbridge.app;PRODUCT_NAME="$(TARGET_NAME)";SWIFT_EMIT_LOC_STRINGS=YES;SWIFT_VERSION=5.0;TARGETED_DEVICE_FAMILY="1,2";}; name = Release; };
/* End XCBuildConfiguration section */

/* Begin XCConfigurationList section */
		C000 = {isa = XCConfigurationList; buildConfigurations = (X200, X201); defaultConfigurationIsVisible = 0; defaultConfigurationName = Release;};
		C001 = {isa = XCConfigurationList; buildConfigurations = (X100, X101); defaultConfigurationIsVisible = 0; defaultConfigurationName = Release;};
/* End XCConfigurationList section */
	};
	rootObject = P000;
}
